// !$*UTF8*$!
{
	archiveVersion = 1;
	classes = {
	};
	objectVersion = 46;
	objects = {

/* Begin PBXFileReference section */
		C8A3B5341BC60E90008C629B /* RTSTestCode.c */ = {isa = PBXFileReference; lastKnownFileType = sourcecode.c.c; path = RTSTestCode.c; sourceTree = "<group>"; };
		C8A3B5351BC60E90008C629B /* RTSTestCode.h */ = {isa = PBXFileReference; lastKnownFileType = sourcecode.c.h; path = RTSTestCode.h; sourceTree = "<group>"; };
/* End PBXFileReference section */

/* Begin PBXGroup section */
		C8A3B52D1BC60E53008C629B = {
			isa = PBXGroup;
			children = (
				C8A3B5341BC60E90008C629B /* RTSTestCode.c */,
				C8A3B5351BC60E90008C629B /* RTSTestCode.h */,
			);
			sourceTree = "<group>";
		};
/* End PBXGroup section */

/* Begin PBXProject section */
		C8A3B52E1BC60E53008C629B /* Project object */ = {
			isa = PBXProject;
			attributes = {
				LastUpgradeCheck = 0700;
			};
			buildConfigurationList = C8A3B5311BC60E53008C629B /* Build configuration list for PBXProject "RTSTestCode" */;
			compatibilityVersion = "Xcode 3.2";
			developmentRegion = English;
			hasScannedForEncodings = 0;
			knownRegions = (
				en,
			);
			mainGroup = C8A3B52D1BC60E53008C629B;
			projectDirPath = "";
			projectRoot = "";
			targets = (
			);
		};
/* End PBXProject section */

/* Begin XCBuildConfiguration section */
		C8A3B5321BC60E53008C629B /* Debug */ = {
			isa = XCBuildConfiguration;
			buildSettings = {
			};
			name = Debug;
		};
		C8A3B5331BC60E53008C629B /* Release */ = {
			isa = XCBuildConfiguration;
			buildSettings = {
			};
			name = Release;
		};
/* End XCBuildConfiguration section */

/* Begin XCConfigurationList section */
		C8A3B5311BC60E53008C629B /* Build configuration list for PBXProject "RTSTestCode" */ = {
			isa = XCConfigurationList;
			buildConfigurations = (
				C8A3B5321BC60E53008C629B /* Debug */,
				C8A3B5331BC60E53008C629B /* Release */,
			);
			defaultConfigurationIsVisible = 0;
			defaultConfigurationName = Release;
		};
/* End XCConfigurationList section */
	};
	rootObject = C8A3B52E1BC60E53008C629B /* Project object */;
}
